// !$*UTF8*$!
{
	archiveVersion = 1;
	classes = {
	};
	objectVersion = 46;
	objects = {

/* Begin PBXBuildFile section */
		833880F61E01F4A700B40027 /* AppDelegate.swift in Sources */ = {isa = PBXBuildFile; fileRef = 833880F51E01F4A700B40027 /* AppDelegate.swift */; };
		833880F81E01F4A700B40027 /* ViewController.swift in Sources */ = {isa = PBXBuildFile; fileRef = 833880F71E01F4A700B40027 /* ViewController.swift */; };
		833880FB1E01F4A700B40027 /* Main.storyboard in Resources */ = {isa = PBXBuildFile; fileRef = 833880F91E01F4A700B40027 /* Main.storyboard */; };
		833880FD1E01F4A700B40027 /* Assets.xcassets in Resources */ = {isa = PBXBuildFile; fileRef = 833880FC1E01F4A700B40027 /* Assets.xcassets */; };
		833881001E01F4A700B40027 /* LaunchScreen.storyboard in Resources */ = {isa = PBXBuildFile; fileRef = 833880FE1E01F4A700B40027 /* LaunchScreen.storyboard */; };
/* End PBXBuildFile section */

/* Begin PBXFileReference section */
		833880F21E01F4A700B40027 /* BBTestAppCustomScripts.app */ = {isa = PBXFileReference; explicitFileType = wrapper.application; includeInIndex = 0; path = BBTestAppCustomScripts.app; sourceTree = BUILT_PRODUCTS_DIR; };
		833880F51E01F4A700B40027 /* AppDelegate.swift */ = {isa = PBXFileReference; lastKnownFileType = sourcecode.swift; path = AppDelegate.swift; sourceTree = "<group>"; };
		833880F71E01F4A700B40027 /* ViewController.swift */ = {isa = PBXFileReference; lastKnownFileType = sourcecode.swift; path = ViewController.swift; sourceTree = "<group>"; };
		833880FA1E01F4A700B40027 /* Base */ = {isa = PBXFileReference; lastKnownFileType = file.storyboard; name = Base; path = Base.lproj/Main.storyboard; sourceTree = "<group>"; };
		833880FC1E01F4A700B40027 /* Assets.xcassets */ = {isa = PBXFileReference; lastKnownFileType = folder.assetcatalog; path = Assets.xcassets; sourceTree = "<group>"; };
		833880FF1E01F4A700B40027 /* Base */ = {isa = PBXFileReference; lastKnownFileType = file.storyboard; name = Base; path = Base.lproj/LaunchScreen.storyboard; sourceTree = "<group>"; };
		833881011E01F4A700B40027 /* Info.plist */ = {isa = PBXFileReference; lastKnownFileType = text.plist.xml; path = Info.plist; sourceTree = "<group>"; };
/* End PBXFileReference section */

/* Begin PBXFrameworksBuildPhase section */
		833880EF1E01F4A600B40027 /* Frameworks */ = {
			isa = PBXFrameworksBuildPhase;
			buildActionMask = 2147483647;
			files = (
			);
			runOnlyForDeploymentPostprocessing = 0;
		};
/* End PBXFrameworksBuildPhase section */

/* Begin PBXGroup section */
		833880E91E01F4A600B40027 = {
			isa = PBXGroup;
			children = (
				833880F41E01F4A700B40027 /* BBTestAppCustomScripts */,
				833880F31E01F4A700B40027 /* Products */,
			);
			sourceTree = "<group>";
		};
		833880F31E01F4A700B40027 /* Products */ = {
			isa = PBXGroup;
			children = (
				833880F21E01F4A700B40027 /* BBTestAppCustomScripts.app */,
			);
			name = Products;
			sourceTree = "<group>";
		};
		833880F41E01F4A700B40027 /* BBTestAppCustomScripts */ = {
			isa = PBXGroup;
			children = (
				833880F51E01F4A700B40027 /* AppDelegate.swift */,
				833880F71E01F4A700B40027 /* ViewController.swift */,
				833880F91E01F4A700B40027 /* Main.storyboard */,
				833880FC1E01F4A700B40027 /* Assets.xcassets */,
				833880FE1E01F4A700B40027 /* LaunchScreen.storyboard */,
				833881011E01F4A700B40027 /* Info.plist */,
			);
			path = BBTestAppCustomScripts;
			sourceTree = "<group>";
		};
/* End PBXGroup section */

/* Begin PBXNativeTarget section */
		833880F11E01F4A600B40027 /* BBTestAppCustomScripts */ = {
			isa = PBXNativeTarget;
			buildConfigurationList = 833881041E01F4A700B40027 /* Build configuration list for PBXNativeTarget "BBTestAppCustomScripts" */;
			buildPhases = (
				833881071E01FF0400B40027 /* ShellScript */,
				833880EE1E01F4A600B40027 /* Sources */,
				833880EF1E01F4A600B40027 /* Frameworks */,
				833880F01E01F4A600B40027 /* Resources */,
				833881081E01FF2C00B40027 /* ShellScript */,
			);
			buildRules = (
			);
			dependencies = (
			);
			name = BBTestAppCustomScripts;
			productName = BBTestAppCustomScripts;
			productReference = 833880F21E01F4A700B40027 /* BBTestAppCustomScripts.app */;
			productType = "com.apple.product-type.application";
		};
/* End PBXNativeTarget section */

/* Begin PBXProject section */
		833880EA1E01F4A600B40027 /* Project object */ = {
			isa = PBXProject;
			attributes = {
				LastSwiftUpdateCheck = 0820;
				LastUpgradeCheck = 0820;
				ORGANIZATIONNAME = "Chris Stott";
				TargetAttributes = {
					833880F11E01F4A600B40027 = {
						CreatedOnToolsVersion = 8.2;
						DevelopmentTeam = L4FET847JL;
						ProvisioningStyle = Automatic;
					};
				};
			};
			buildConfigurationList = 833880ED1E01F4A600B40027 /* Build configuration list for PBXProject "BBTestAppCustomScripts" */;
			compatibilityVersion = "Xcode 3.2";
			developmentRegion = English;
			hasScannedForEncodings = 0;
			knownRegions = (
				en,
				Base,
			);
			mainGroup = 833880E91E01F4A600B40027;
			productRefGroup = 833880F31E01F4A700B40027 /* Products */;
			projectDirPath = "";
			projectRoot = "";
			targets = (
				833880F11E01F4A600B40027 /* BBTestAppCustomScripts */,
			);
		};
/* End PBXProject section */

/* Begin PBXResourcesBuildPhase section */
		833880F01E01F4A600B40027 /* Resources */ = {
			isa = PBXResourcesBuildPhase;
			buildActionMask = 2147483647;
			files = (
				833881001E01F4A700B40027 /* LaunchScreen.storyboard in Resources */,
				833880FD1E01F4A700B40027 /* Assets.xcassets in Resources */,
				833880FB1E01F4A700B40027 /* Main.storyboard in Resources */,
			);
			runOnlyForDeploymentPostprocessing = 0;
		};
/* End PBXResourcesBuildPhase section */

/* Begin PBXShellScriptBuildPhase section */
		833881071E01FF0400B40027 /* ShellScript */ = {
			isa = PBXShellScriptBuildPhase;
			buildActionMask = 2147483647;
			files = (
			);
			inputPaths = (
			);
			outputPaths = (
			);
			runOnlyForDeploymentPostprocessing = 0;
			shellPath = /bin/sh;
			shellScript = "echo \"I am a run phase script 1\"";
		};
		833881081E01FF2C00B40027 /* ShellScript */ = {
			isa = PBXShellScriptBuildPhase;
			buildActionMask = 2147483647;
			files = (
			);
			inputPaths = (
			);
			outputPaths = (
			);
			runOnlyForDeploymentPostprocessing = 0;
			shellPath = /bin/sh;
			shellScript = "echo \"I am a run phase script 2\"";
		};
/* End PBXShellScriptBuildPhase section */

/* Begin PBXSourcesBuildPhase section */
		833880EE1E01F4A600B40027 /* Sources */ = {
			isa = PBXSourcesBuildPhase;
			buildActionMask = 2147483647;
			files = (
				833880F81E01F4A700B40027 /* ViewController.swift in Sources */,
				833880F61E01F4A700B40027 /* AppDelegate.swift in Sources */,
			);
			runOnlyForDeploymentPostprocessing = 0;
		};
/* End PBXSourcesBuildPhase section */

/* Begin PBXVariantGroup section */
		833880F91E01F4A700B40027 /* Main.storyboard */ = {
			isa = PBXVariantGroup;
			children = (
				833880FA1E01F4A700B40027 /* Base */,
			);
			name = Main.storyboard;
			sourceTree = "<group>";
		};
		833880FE1E01F4A700B40027 /* LaunchScreen.storyboard */ = {
			isa = PBXVariantGroup;
			children = (
				833880FF1E01F4A700B40027 /* Base */,
			);
			name = LaunchScreen.storyboard;
			sourceTree = "<group>";
		};
/* End PBXVariantGroup section */

/* Begin XCBuildConfiguration section */
		833881021E01F4A700B40027 /* Debug */ = {
			isa = XCBuildConfiguration;
			buildSettings = {
				ALWAYS_SEARCH_USER_PATHS = NO;
				CLANG_ANALYZER_NONNULL = YES;
				CLANG_CXX_LANGUAGE_STANDARD = "gnu++0x";
				CLANG_CXX_LIBRARY = "libc++";
				CLANG_ENABLE_MODULES = YES;
				CLANG_ENABLE_OBJC_ARC = YES;
				CLANG_WARN_BOOL_CONVERSION = YES;
				CLANG_WARN_CONSTANT_CONVERSION = YES;
				CLANG_WARN_DIRECT_OBJC_ISA_USAGE = YES_ERROR;
				CLANG_WARN_DOCUMENTATION_COMMENTS = YES;
				CLANG_WARN_EMPTY_BODY = YES;
				CLANG_WARN_ENUM_CONVERSION = YES;
				CLANG_WARN_INFINITE_RECURSION = YES;
				CLANG_WARN_INT_CONVERSION = YES;
				CLANG_WARN_OBJC_ROOT_CLASS = YES_ERROR;
				CLANG_WARN_SUSPICIOUS_MOVE = YES;
				CLANG_WARN_UNREACHABLE_CODE = YES;
				CLANG_WARN__DUPLICATE_METHOD_MATCH = YES;
				"CODE_SIGN_IDENTITY[sdk=iphoneos*]" = "iPhone Developer";
				COPY_PHASE_STRIP = NO;
				DEBUG_INFORMATION_FORMAT = dwarf;
				ENABLE_STRICT_OBJC_MSGSEND = YES;
				ENABLE_TESTABILITY = YES;
				GCC_C_LANGUAGE_STANDARD = gnu99;
				GCC_DYNAMIC_NO_PIC = NO;
				GCC_NO_COMMON_BLOCKS = YES;
				GCC_OPTIMIZATION_LEVEL = 0;
				GCC_PREPROCESSOR_DEFINITIONS = (
					"DEBUG=1",
					"$(inherited)",
				);
				GCC_WARN_64_TO_32_BIT_CONVERSION = YES;
				GCC_WARN_ABOUT_RETURN_TYPE = YES_ERROR;
				GCC_WARN_UNDECLARED_SELECTOR = YES;
				GCC_WARN_UNINITIALIZED_AUTOS = YES_AGGRESSIVE;
				GCC_WARN_UNUSED_FUNCTION = YES;
				GCC_WARN_UNUSED_VARIABLE = YES;
				IPHONEOS_DEPLOYMENT_TARGET = 10.2;
				MTL_ENABLE_DEBUG_INFO = YES;
				ONLY_ACTIVE_ARCH = YES;
				SDKROOT = iphoneos;
				SWIFT_ACTIVE_COMPILATION_CONDITIONS = DEBUG;
				SWIFT_OPTIMIZATION_LEVEL = "-Onone";
				TARGETED_DEVICE_FAMILY = "1,2";
			};
			name = Debug;
		};
		833881031E01F4A700B40027 /* Release */ = {
			isa = XCBuildConfiguration;
			buildSettings = {
				ALWAYS_SEARCH_USER_PATHS = NO;
				CLANG_ANALYZER_NONNULL = YES;
				CLANG_CXX_LANGUAGE_STANDARD = "gnu++0x";
				CLANG_CXX_LIBRARY = "libc++";
				CLANG_ENABLE_MODULES = YES;
				CLANG_ENABLE_OBJC_ARC = YES;
				CLANG_WARN_BOOL_CONVERSION = YES;
				CLANG_WARN_CONSTANT_CONVERSION = YES;
				CLANG_WARN_DIRECT_OBJC_ISA_USAGE = YES_ERROR;
				CLANG_WARN_DOCUMENTATION_COMMENTS = YES;
				CLANG_WARN_EMPTY_BODY = YES;
				CLANG_WARN_ENUM_CONVERSION = YES;
				CLANG_WARN_INFINITE_RECURSION = YES;
				CLANG_WARN_INT_CONVERSION = YES;
				CLANG_WARN_OBJC_ROOT_CLASS = YES_ERROR;
				CLANG_WARN_SUSPICIOUS_MOVE = YES;
				CLANG_WARN_UNREACHABLE_CODE = YES;
				CLANG_WARN__DUPLICATE_METHOD_MATCH = YES;
				"CODE_SIGN_IDENTITY[sdk=iphoneos*]" = "iPhone Developer";
				COPY_PHASE_STRIP = NO;
				DEBUG_INFORMATION_FORMAT = "dwarf-with-dsym";
				ENABLE_NS_ASSERTIONS = NO;
				ENABLE_STRICT_OBJC_MSGSEND = YES;
				GCC_C_LANGUAGE_STANDARD = gnu99;
				GCC_NO_COMMON_BLOCKS = YES;
				GCC_WARN_64_TO_32_BIT_CONVERSION = YES;
				GCC_WARN_ABOUT_RETURN_TYPE = YES_ERROR;
				GCC_WARN_UNDECLARED_SELECTOR = YES;
				GCC_WARN_UNINITIALIZED_AUTOS = YES_AGGRESSIVE;
				GCC_WARN_UNUSED_FUNCTION = YES;
				GCC_WARN_UNUSED_VARIABLE = YES;
				IPHONEOS_DEPLOYMENT_TARGET = 10.2;
				MTL_ENABLE_DEBUG_INFO = NO;
				SDKROOT = iphoneos;
				SWIFT_OPTIMIZATION_LEVEL = "-Owholemodule";
				TARGETED_DEVICE_FAMILY = "1,2";
				VALIDATE_PRODUCT = YES;
			};
			name = Release;
		};
		833881051E01F4A700B40027 /* Debug */ = {
			isa = XCBuildConfiguration;
			buildSettings = {
				ASSETCATALOG_COMPILER_APPICON_NAME = AppIcon;
				DEVELOPMENT_TEAM = L4FET847JL;
				INFOPLIST_FILE = BBTestAppCustomScripts/Info.plist;
				LD_RUNPATH_SEARCH_PATHS = "$(inherited) @executable_path/Frameworks";
				PRODUCT_BUNDLE_IDENTIFIER = com.buddybuild.BBTestAppCustomScripts;
				PRODUCT_NAME = "$(TARGET_NAME)";
				SWIFT_VERSION = 3.0;
			};
			name = Debug;
		};
		833881061E01F4A700B40027 /* Release */ = {
			isa = XCBuildConfiguration;
			buildSettings = {
				ASSETCATALOG_COMPILER_APPICON_NAME = AppIcon;
				DEVELOPMENT_TEAM = L4FET847JL;
				INFOPLIST_FILE = BBTestAppCustomScripts/Info.plist;
				LD_RUNPATH_SEARCH_PATHS = "$(inherited) @executable_path/Frameworks";
				PRODUCT_BUNDLE_IDENTIFIER = com.buddybuild.BBTestAppCustomScripts;
				PRODUCT_NAME = "$(TARGET_NAME)";
				SWIFT_VERSION = 3.0;
			};
			name = Release;
		};
/* End XCBuildConfiguration section */

/* Begin XCConfigurationList section */
		833880ED1E01F4A600B40027 /* Build configuration list for PBXProject "BBTestAppCustomScripts" */ = {
			isa = XCConfigurationList;
			buildConfigurations = (
				833881021E01F4A700B40027 /* Debug */,
				833881031E01F4A700B40027 /* Release */,
			);
			defaultConfigurationIsVisible = 0;
			defaultConfigurationName = Release;
		};
		833881041E01F4A700B40027 /* Build configuration list for PBXNativeTarget "BBTestAppCustomScripts" */ = {
			isa = XCConfigurationList;
			buildConfigurations = (
				833881051E01F4A700B40027 /* Debug */,
				833881061E01F4A700B40027 /* Release */,
			);
			defaultConfigurationIsVisible = 0;
		};
/* End XCConfigurationList section */
	};
	rootObject = 833880EA1E01F4A600B40027 /* Project object */;
}
